
Microsoft Visual Studio Solution File, Format Version 12.00
# Visual Studio Version 17
VisualStudioVersion = 17.1.32421.90
MinimumVisualStudioVersion = 10.0.40219.1
Project("{9A19103F-16F7-4668-BE54-9A1E7A4F7556}") = "Client", "Client\Client.csproj", "{5CB238C1-DCD5-4FFF-AB1C-DD25D2DC1CC1}"
EndProject
Project("{9A19103F-16F7-4668-BE54-9A1E7A4F7556}") = "BrokerServer", "BrokerServer\BrokerServer.csproj", "{9F8D8F40-A83D-43EF-9078-952D0DFB680C}"
EndProject
Project("{9A19103F-16F7-4668-BE54-9A1E7A4F7556}") = "MessagesServer", "MessagesServer\MessagesServer.csproj", "{FDEFF255-BE5D-41D5-8ACD-A79115E7F21B}"
EndProject
Global
	GlobalSection(SolutionConfigurationPlatforms) = preSolution
		Debug|Any CPU = Debug|Any CPU
		Release|Any CPU = Release|Any CPU
	EndGlobalSection
	GlobalSection(ProjectConfigurationPlatforms) = postSolution
		{5CB238C1-DCD5-4FFF-AB1C-DD25D2DC1CC1}.Debug|Any CPU.ActiveCfg = Debug|Any CPU
		{5CB238C1-DCD5-4FFF-AB1C-DD25D2DC1CC1}.Debug|Any CPU.Build.0 = Debug|Any CPU
		{5CB238C1-DCD5-4FFF-AB1C-DD25D2DC1CC1}.Release|Any CPU.ActiveCfg = Release|Any CPU
		{5CB238C1-DCD5-4FFF-AB1C-DD25D2DC1CC1}.Release|Any CPU.Build.0 = Release|Any CPU
		{9F8D8F40-A83D-43EF-9078-952D0DFB680C}.Debug|Any CPU.ActiveCfg = Debug|Any CPU
		{9F8D8F40-A83D-43EF-9078-952D0DFB680C}.Debug|Any CPU.Build.0 = Debug|Any CPU
		{9F8D8F40-A83D-43EF-9078-952D0DFB680C}.Release|Any CPU.ActiveCfg = Release|Any CPU
		{9F8D8F40-A83D-43EF-9078-952D0DFB680C}.Release|Any CPU.Build.0 = Release|Any CPU
		{FDEFF255-BE5D-41D5-8ACD-A79115E7F21B}.Debug|Any CPU.ActiveCfg = Debug|Any CPU
		{FDEFF255-BE5D-41D5-8ACD-A79115E7F21B}.Debug|Any CPU.Build.0 = Debug|Any CPU
		{FDEFF255-BE5D-41D5-8ACD-A79115E7F21B}.Release|Any CPU.ActiveCfg = Release|Any CPU
		{FDEFF255-BE5D-41D5-8ACD-A79115E7F21B}.Release|Any CPU.Build.0 = Release|Any CPU
	EndGlobalSection
	GlobalSection(SolutionProperties) = preSolution
		HideSolutionNode = FALSE
	EndGlobalSection
	GlobalSection(ExtensibilityGlobals) = postSolution
		SolutionGuid = {0D35FBB5-78CC-4405-8613-687915D8AA20}
	EndGlobalSection
EndGlobal
